{
  "name": "accurascan.hybrid.com",
  "version": "1.0.0",
  "lockfileVersion": 1,
  "requires": true,
  "dependencies": {
    "cordova-plugin-android-permissions": {
      "version": "1.1.5",
      "resolved": "https://registry.npmjs.org/cordova-plugin-android-permissions/-/cordova-plugin-android-permissions-1.1.5.tgz",
      "integrity": "sha512-oTTV9cCMBqXTCmU+nYRebsP2IQfrtdvl2vYXHjoJgv5NHCIDgY4KFg6kJTcwXQOiymeGXuw0+MTvJJOueAdleA==",
      "dev": true
    },
    "cordova-plugin-device": {
      "version": "2.1.0",
      "resolved": "https://registry.npmjs.org/cordova-plugin-device/-/cordova-plugin-device-2.1.0.tgz",
      "integrity": "sha512-FU0Lw1jZpuKOgG4v80LrfMAOIMCGfAVPumn7AwaX9S1iU/X3OPZUyoKUgP09q4bxL35IeNPkqNWVKYduAXZ1sg==",
      "dev": true
    },
    "cordova-plugin-file": {
      "version": "8.0.0",
      "resolved": "https://registry.npmjs.org/cordova-plugin-file/-/cordova-plugin-file-8.0.0.tgz",
      "integrity": "sha512-pgxCJtDjDKzyeqvrn0KnDubf9b1VLv+OyWTXjUR7T52o7oGDUkR3ubT89i/1ugHtRU6mY7XIGHD4drUByDQClw==",
      "dev": true
    },
    "cordova-plugin-filepath": {
      "version": "1.6.0",
      "resolved": "https://registry.npmjs.org/cordova-plugin-filepath/-/cordova-plugin-filepath-1.6.0.tgz",
      "integrity": "sha512-DwKuH5tXhZJImU/rHDzQhG3bY2ihAUw5QqdNllso96MZ9TQTAbFvKPLppuJwx21XxYS2g3uB9R17AXEEme+sKA==",
      "dev": true
    },
    "cordova_accurascan_kyc": {
      "version": "1.0.4",
      "resolved": "https://registry.npmjs.org/cordova_accurascan_kyc/-/cordova_accurascan_kyc-1.0.4.tgz",
      "integrity": "sha512-R/i+Pi+SrQA9jRzLjBohoK//jwsWyvUunEzErouL5aCgf2IgVf+izgsipmlVKtfpyMaTidE8pfeD+7Ks9UZxvQ==",
      "dev": true
    }
  }
}
